Microsoft Visual Studio Solution File, Format Version 12.00
# Visual Studio 2012
Project("{FAE04EC0-301F-11D3-BF4B-00C04F79EFBC}") = "AllorynsPresentY3", "AllorynsPresentY3.csproj", "{5F8E91E0-24AF-4348-84EF-1D91C619C9C0}"
EndProject
Global
	GlobalSection(SolutionConfigurationPlatforms) = preSolution
	Debug|Any CPU = Debug|Any CPU
	ExportDebug|Any CPU = ExportDebug|Any CPU
	ExportRelease|Any CPU = ExportRelease|Any CPU
	EndGlobalSection
	GlobalSection(ProjectConfigurationPlatforms) = postSolution
		{5F8E91E0-24AF-4348-84EF-1D91C619C9C0}.Debug|Any CPU.ActiveCfg = Debug|Any CPU
		{5F8E91E0-24AF-4348-84EF-1D91C619C9C0}.Debug|Any CPU.Build.0 = Debug|Any CPU
		{5F8E91E0-24AF-4348-84EF-1D91C619C9C0}.ExportDebug|Any CPU.ActiveCfg = ExportDebug|Any CPU
		{5F8E91E0-24AF-4348-84EF-1D91C619C9C0}.ExportDebug|Any CPU.Build.0 = ExportDebug|Any CPU
		{5F8E91E0-24AF-4348-84EF-1D91C619C9C0}.ExportRelease|Any CPU.ActiveCfg = ExportRelease|Any CPU
		{5F8E91E0-24AF-4348-84EF-1D91C619C9C0}.ExportRelease|Any CPU.Build.0 = ExportRelease|Any CPU
	EndGlobalSection
EndGlobal
