Microsoft Visual Studio Solution File, Format Version 12.00
# Visual Studio 2012
Project("{FAE04EC0-301F-11D3-BF4B-00C04F79EFBC}") = "Project Thief", "Project Thief.csproj", "{69D2F301-F38F-47EA-8CF6-4E3A1E49AC60}"
EndProject
Global
	GlobalSection(SolutionConfigurationPlatforms) = preSolution
	Debug|Any CPU = Debug|Any CPU
	ExportDebug|Any CPU = ExportDebug|Any CPU
	ExportRelease|Any CPU = ExportRelease|Any CPU
	EndGlobalSection
	GlobalSection(ProjectConfigurationPlatforms) = postSolution
		{69D2F301-F38F-47EA-8CF6-4E3A1E49AC60}.Debug|Any CPU.ActiveCfg = Debug|Any CPU
		{69D2F301-F38F-47EA-8CF6-4E3A1E49AC60}.Debug|Any CPU.Build.0 = Debug|Any CPU
		{69D2F301-F38F-47EA-8CF6-4E3A1E49AC60}.ExportDebug|Any CPU.ActiveCfg = ExportDebug|Any CPU
		{69D2F301-F38F-47EA-8CF6-4E3A1E49AC60}.ExportDebug|Any CPU.Build.0 = ExportDebug|Any CPU
		{69D2F301-F38F-47EA-8CF6-4E3A1E49AC60}.ExportRelease|Any CPU.ActiveCfg = ExportRelease|Any CPU
		{69D2F301-F38F-47EA-8CF6-4E3A1E49AC60}.ExportRelease|Any CPU.Build.0 = ExportRelease|Any CPU
	EndGlobalSection
EndGlobal
